
Microsoft Visual Studio Solution File, Format Version 12.00
# Visual Studio 15
VisualStudioVersion = 15.0.27703.2047
MinimumVisualStudioVersion = 10.0.40219.1
Project("{9A19103F-16F7-4668-BE54-9A1E7A4F7556}") = "MovieCollection", "MovieCollection\MovieCollection.csproj", "{AFD58F70-1008-4A26-9C7D-ED9CCAF9A309}"
EndProject
Project("{FAE04EC0-301F-11D3-BF4B-00C04F79EFBC}") = "MovieListing", "MovieListing\MovieListing.csproj", "{02F2A1D4-1743-4699-B912-53FE3A4151B0}"
EndProject
Project("{FAE04EC0-301F-11D3-BF4B-00C04F79EFBC}") = "MovieCollection.Data", "MovieCollection.Data\MovieCollection.Data.csproj", "{58FA996F-2790-481C-B3BB-D53C847CC645}"
EndProject
Global
	GlobalSection(SolutionConfigurationPlatforms) = preSolution
		Debug|Any CPU = Debug|Any CPU
		Release|Any CPU = Release|Any CPU
	EndGlobalSection
	GlobalSection(ProjectConfigurationPlatforms) = postSolution
		{AFD58F70-1008-4A26-9C7D-ED9CCAF9A309}.Debug|Any CPU.ActiveCfg = Debug|Any CPU
		{AFD58F70-1008-4A26-9C7D-ED9CCAF9A309}.Debug|Any CPU.Build.0 = Debug|Any CPU
		{AFD58F70-1008-4A26-9C7D-ED9CCAF9A309}.Release|Any CPU.ActiveCfg = Release|Any CPU
		{AFD58F70-1008-4A26-9C7D-ED9CCAF9A309}.Release|Any CPU.Build.0 = Release|Any CPU
		{02F2A1D4-1743-4699-B912-53FE3A4151B0}.Debug|Any CPU.ActiveCfg = Debug|Any CPU
		{02F2A1D4-1743-4699-B912-53FE3A4151B0}.Debug|Any CPU.Build.0 = Debug|Any CPU
		{02F2A1D4-1743-4699-B912-53FE3A4151B0}.Release|Any CPU.ActiveCfg = Release|Any CPU
		{02F2A1D4-1743-4699-B912-53FE3A4151B0}.Release|Any CPU.Build.0 = Release|Any CPU
		{58FA996F-2790-481C-B3BB-D53C847CC645}.Debug|Any CPU.ActiveCfg = Debug|Any CPU
		{58FA996F-2790-481C-B3BB-D53C847CC645}.Debug|Any CPU.Build.0 = Debug|Any CPU
		{58FA996F-2790-481C-B3BB-D53C847CC645}.Release|Any CPU.ActiveCfg = Release|Any CPU
		{58FA996F-2790-481C-B3BB-D53C847CC645}.Release|Any CPU.Build.0 = Release|Any CPU
	EndGlobalSection
	GlobalSection(SolutionProperties) = preSolution
		HideSolutionNode = FALSE
	EndGlobalSection
	GlobalSection(ExtensibilityGlobals) = postSolution
		SolutionGuid = {E2493012-09A6-4AC5-B43A-54960DDDF1C9}
	EndGlobalSection
EndGlobal
